
Microsoft Visual Studio Solution File, Format Version 12.00
# Visual Studio Version 17
VisualStudioVersion = 17.2.32616.157
MinimumVisualStudioVersion = 10.0.40219.1
Project("{FAE04EC0-301F-11D3-BF4B-00C04F79EFBC}") = "Course", "Course.csproj", "{F87703E2-91C2-4487-BB28-32C8DF8F02ED}"
EndProject
Global
	GlobalSection(SolutionConfigurationPlatforms) = preSolution
		Debug|Any CPU = Debug|Any CPU
		Release|Any CPU = Release|Any CPU
	EndGlobalSection
	GlobalSection(ProjectConfigurationPlatforms) = postSolution
		{F87703E2-91C2-4487-BB28-32C8DF8F02ED}.Debug|Any CPU.ActiveCfg = Debug|Any CPU
		{F87703E2-91C2-4487-BB28-32C8DF8F02ED}.Debug|Any CPU.Build.0 = Debug|Any CPU
		{F87703E2-91C2-4487-BB28-32C8DF8F02ED}.Release|Any CPU.ActiveCfg = Release|Any CPU
		{F87703E2-91C2-4487-BB28-32C8DF8F02ED}.Release|Any CPU.Build.0 = Release|Any CPU
	EndGlobalSection
	GlobalSection(SolutionProperties) = preSolution
		HideSolutionNode = FALSE
	EndGlobalSection
	GlobalSection(ExtensibilityGlobals) = postSolution
		SolutionGuid = {E7BED55F-B7D7-468F-8B01-971683350719}
	EndGlobalSection
EndGlobal
